// !$*UTF8*$!
{
	archiveVersion = 1;
	classes = {
	};
	objectVersion = 55;
	objects = {

/* Begin PBXBuildFile section */
		FBD0A42D28A3181F00719745 /* aplicacion_de_comida_iosApp.swift in Sources */ = {isa = PBXBuildFile; fileRef = FBD0A42C28A3181F00719745 /* aplicacion_de_comida_iosApp.swift */; };
		FBD0A42F28A3181F00719745 /* ContentView.swift in Sources */ = {isa = PBXBuildFile; fileRef = FBD0A42E28A3181F00719745 /* ContentView.swift */; };
		FBD0A43128A3182500719745 /* Assets.xcassets in Resources */ = {isa = PBXBuildFile; fileRef = FBD0A43028A3182500719745 /* Assets.xcassets */; };
		FBD0A43428A3182500719745 /* Preview Assets.xcassets in Resources */ = {isa = PBXBuildFile; fileRef = FBD0A43328A3182500719745 /* Preview Assets.xcassets */; };
		FBD0A43628A3182500719745 /* Persistence.swift in Sources */ = {isa = PBXBuildFile; fileRef = FBD0A43528A3182500719745 /* Persistence.swift */; };
		FBD0A43928A3182500719745 /* aplicacion_de_comida_ios.xcdatamodeld in Sources */ = {isa = PBXBuildFile; fileRef = FBD0A43728A3182500719745 /* aplicacion_de_comida_ios.xcdatamodeld */; };
		FBD0A44328A3182600719745 /* aplicacion_de_comida_iosTests.swift in Sources */ = {isa = PBXBuildFile; fileRef = FBD0A44228A3182600719745 /* aplicacion_de_comida_iosTests.swift */; };
		FBD0A44D28A3182600719745 /* aplicacion_de_comida_iosUITests.swift in Sources */ = {isa = PBXBuildFile; fileRef = FBD0A44C28A3182600719745 /* aplicacion_de_comida_iosUITests.swift */; };
		FBD0A44F28A3182600719745 /* aplicacion_de_comida_iosUITestsLaunchTests.swift in Sources */ = {isa = PBXBuildFile; fileRef = FBD0A44E28A3182600719745 /* aplicacion_de_comida_iosUITestsLaunchTests.swift */; };
/* End PBXBuildFile section */

/* Begin PBXContainerItemProxy section */
		FBD0A43F28A3182600719745 /* PBXContainerItemProxy */ = {
			isa = PBXContainerItemProxy;
			containerPortal = FBD0A42128A3181F00719745 /* Project object */;
			proxyType = 1;
			remoteGlobalIDString = FBD0A42828A3181F00719745;
			remoteInfo = aplicacion_de_comida_ios;
		};
		FBD0A44928A3182600719745 /* PBXContainerItemProxy */ = {
			isa = PBXContainerItemProxy;
			containerPortal = FBD0A42128A3181F00719745 /* Project object */;
			proxyType = 1;
			remoteGlobalIDString = FBD0A42828A3181F00719745;
			remoteInfo = aplicacion_de_comida_ios;
		};
/* End PBXContainerItemProxy section */

/* Begin PBXFileReference section */
		FBD0A42928A3181F00719745 /* aplicacion_de_comida_ios.app */ = {isa = PBXFileReference; explicitFileType = wrapper.application; includeInIndex = 0; path = aplicacion_de_comida_ios.app; sourceTree = BUILT_PRODUCTS_DIR; };
		FBD0A42C28A3181F00719745 /* aplicacion_de_comida_iosApp.swift */ = {isa = PBXFileReference; lastKnownFileType = sourcecode.swift; path = aplicacion_de_comida_iosApp.swift; sourceTree = "<group>"; };
		FBD0A42E28A3181F00719745 /* ContentView.swift */ = {isa = PBXFileReference; lastKnownFileType = sourcecode.swift; path = ContentView.swift; sourceTree = "<group>"; };
		FBD0A43028A3182500719745 /* Assets.xcassets */ = {isa = PBXFileReference; lastKnownFileType = folder.assetcatalog; path = Assets.xcassets; sourceTree = "<group>"; };
		FBD0A43328A3182500719745 /* Preview Assets.xcassets */ = {isa = PBXFileReference; lastKnownFileType = folder.assetcatalog; path = "Preview Assets.xcassets"; sourceTree = "<group>"; };
		FBD0A43528A3182500719745 /* Persistence.swift */ = {isa = PBXFileReference; lastKnownFileType = sourcecode.swift; path = Persistence.swift; sourceTree = "<group>"; };
		FBD0A43828A3182500719745 /* aplicacion_de_comida_ios.xcdatamodel */ = {isa = PBXFileReference; lastKnownFileType = wrapper.xcdatamodel; path = aplicacion_de_comida_ios.xcdatamodel; sourceTree = "<group>"; };
		FBD0A43E28A3182600719745 /* aplicacion_de_comida_iosTests.xctest */ = {isa = PBXFileReference; explicitFileType = wrapper.cfbundle; includeInIndex = 0; path = aplicacion_de_comida_iosTests.xctest; sourceTree = BUILT_PRODUCTS_DIR; };
		FBD0A44228A3182600719745 /* aplicacion_de_comida_iosTests.swift */ = {isa = PBXFileReference; lastKnownFileType = sourcecode.swift; path = aplicacion_de_comida_iosTests.swift; sourceTree = "<group>"; };
		FBD0A44828A3182600719745 /* aplicacion_de_comida_iosUITests.xctest */ = {isa = PBXFileReference; explicitFileType = wrapper.cfbundle; includeInIndex = 0; path = aplicacion_de_comida_iosUITests.xctest; sourceTree = BUILT_PRODUCTS_DIR; };
		FBD0A44C28A3182600719745 /* aplicacion_de_comida_iosUITests.swift */ = {isa = PBXFileReference; lastKnownFileType = sourcecode.swift; path = aplicacion_de_comida_iosUITests.swift; sourceTree = "<group>"; };
		FBD0A44E28A3182600719745 /* aplicacion_de_comida_iosUITestsLaunchTests.swift */ = {isa = PBXFileReference; lastKnownFileType = sourcecode.swift; path = aplicacion_de_comida_iosUITestsLaunchTests.swift; sourceTree = "<group>"; };
/* End PBXFileReference section */

/* Begin PBXFrameworksBuildPhase section */
		FBD0A42628A3181F00719745 /* Frameworks */ = {
			isa = PBXFrameworksBuildPhase;
			buildActionMask = 2147483647;
			files = (
			);
			runOnlyForDeploymentPostprocessing = 0;
		};
		FBD0A43B28A3182600719745 /* Frameworks */ = {
			isa = PBXFrameworksBuildPhase;
			buildActionMask = 2147483647;
			files = (
			);
			runOnlyForDeploymentPostprocessing = 0;
		};
		FBD0A44528A3182600719745 /* Frameworks */ = {
			isa = PBXFrameworksBuildPhase;
			buildActionMask = 2147483647;
			files = (
			);
			runOnlyForDeploymentPostprocessing = 0;
		};
/* End PBXFrameworksBuildPhase section */

/* Begin PBXGroup section */
		FBD0A42028A3181F00719745 = {
			isa = PBXGroup;
			children = (
				FBD0A42B28A3181F00719745 /* aplicacion_de_comida_ios */,
				FBD0A44128A3182600719745 /* aplicacion_de_comida_iosTests */,
				FBD0A44B28A3182600719745 /* aplicacion_de_comida_iosUITests */,
				FBD0A42A28A3181F00719745 /* Products */,
			);
			sourceTree = "<group>";
		};
		FBD0A42A28A3181F00719745 /* Products */ = {
			isa = PBXGroup;
			children = (
				FBD0A42928A3181F00719745 /* aplicacion_de_comida_ios.app */,
				FBD0A43E28A3182600719745 /* aplicacion_de_comida_iosTests.xctest */,
				FBD0A44828A3182600719745 /* aplicacion_de_comida_iosUITests.xctest */,
			);
			name = Products;
			sourceTree = "<group>";
		};
		FBD0A42B28A3181F00719745 /* aplicacion_de_comida_ios */ = {
			isa = PBXGroup;
			children = (
				FBD0A42C28A3181F00719745 /* aplicacion_de_comida_iosApp.swift */,
				FBD0A42E28A3181F00719745 /* ContentView.swift */,
				FBD0A43028A3182500719745 /* Assets.xcassets */,
				FBD0A43528A3182500719745 /* Persistence.swift */,
				FBD0A43728A3182500719745 /* aplicacion_de_comida_ios.xcdatamodeld */,
				FBD0A43228A3182500719745 /* Preview Content */,
			);
			path = aplicacion_de_comida_ios;
			sourceTree = "<group>";
		};
		FBD0A43228A3182500719745 /* Preview Content */ = {
			isa = PBXGroup;
			children = (
				FBD0A43328A3182500719745 /* Preview Assets.xcassets */,
			);
			path = "Preview Content";
			sourceTree = "<group>";
		};
		FBD0A44128A3182600719745 /* aplicacion_de_comida_iosTests */ = {
			isa = PBXGroup;
			children = (
				FBD0A44228A3182600719745 /* aplicacion_de_comida_iosTests.swift */,
			);
			path = aplicacion_de_comida_iosTests;
			sourceTree = "<group>";
		};
		FBD0A44B28A3182600719745 /* aplicacion_de_comida_iosUITests */ = {
			isa = PBXGroup;
			children = (
				FBD0A44C28A3182600719745 /* aplicacion_de_comida_iosUITests.swift */,
				FBD0A44E28A3182600719745 /* aplicacion_de_comida_iosUITestsLaunchTests.swift */,
			);
			path = aplicacion_de_comida_iosUITests;
			sourceTree = "<group>";
		};
/* End PBXGroup section */

/* Begin PBXNativeTarget section */
		FBD0A42828A3181F00719745 /* aplicacion_de_comida_ios */ = {
			isa = PBXNativeTarget;
			buildConfigurationList = FBD0A45228A3182600719745 /* Build configuration list for PBXNativeTarget "aplicacion_de_comida_ios" */;
			buildPhases = (
				FBD0A42528A3181F00719745 /* Sources */,
				FBD0A42628A3181F00719745 /* Frameworks */,
				FBD0A42728A3181F00719745 /* Resources */,
			);
			buildRules = (
			);
			dependencies = (
			);
			name = aplicacion_de_comida_ios;
			productName = aplicacion_de_comida_ios;
			productReference = FBD0A42928A3181F00719745 /* aplicacion_de_comida_ios.app */;
			productType = "com.apple.product-type.application";
		};
		FBD0A43D28A3182600719745 /* aplicacion_de_comida_iosTests */ = {
			isa = PBXNativeTarget;
			buildConfigurationList = FBD0A45528A3182600719745 /* Build configuration list for PBXNativeTarget "aplicacion_de_comida_iosTests" */;
			buildPhases = (
				FBD0A43A28A3182600719745 /* Sources */,
				FBD0A43B28A3182600719745 /* Frameworks */,
				FBD0A43C28A3182600719745 /* Resources */,
			);
			buildRules = (
			);
			dependencies = (
				FBD0A44028A3182600719745 /* PBXTargetDependency */,
			);
			name = aplicacion_de_comida_iosTests;
			productName = aplicacion_de_comida_iosTests;
			productReference = FBD0A43E28A3182600719745 /* aplicacion_de_comida_iosTests.xctest */;
			productType = "com.apple.product-type.bundle.unit-test";
		};
		FBD0A44728A3182600719745 /* aplicacion_de_comida_iosUITests */ = {
			isa = PBXNativeTarget;
			buildConfigurationList = FBD0A45828A3182600719745 /* Build configuration list for PBXNativeTarget "aplicacion_de_comida_iosUITests" */;
			buildPhases = (
				FBD0A44428A3182600719745 /* Sources */,
				FBD0A44528A3182600719745 /* Frameworks */,
				FBD0A44628A3182600719745 /* Resources */,
			);
			buildRules = (
			);
			dependencies = (
				FBD0A44A28A3182600719745 /* PBXTargetDependency */,
			);
			name = aplicacion_de_comida_iosUITests;
			productName = aplicacion_de_comida_iosUITests;
			productReference = FBD0A44828A3182600719745 /* aplicacion_de_comida_iosUITests.xctest */;
			productType = "com.apple.product-type.bundle.ui-testing";
		};
/* End PBXNativeTarget section */

/* Begin PBXProject section */
		FBD0A42128A3181F00719745 /* Project object */ = {
			isa = PBXProject;
			attributes = {
				BuildIndependentTargetsInParallel = 1;
				LastSwiftUpdateCheck = 1320;
				LastUpgradeCheck = 1320;
				TargetAttributes = {
					FBD0A42828A3181F00719745 = {
						CreatedOnToolsVersion = 13.2.1;
					};
					FBD0A43D28A3182600719745 = {
						CreatedOnToolsVersion = 13.2.1;
						TestTargetID = FBD0A42828A3181F00719745;
					};
					FBD0A44728A3182600719745 = {
						CreatedOnToolsVersion = 13.2.1;
						TestTargetID = FBD0A42828A3181F00719745;
					};
				};
			};
			buildConfigurationList = FBD0A42428A3181F00719745 /* Build configuration list for PBXProject "aplicacion_de_comida_ios" */;
			compatibilityVersion = "Xcode 13.0";
			developmentRegion = en;
			hasScannedForEncodings = 0;
			knownRegions = (
				en,
				Base,
			);
			mainGroup = FBD0A42028A3181F00719745;
			productRefGroup = FBD0A42A28A3181F00719745 /* Products */;
			projectDirPath = "";
			projectRoot = "";
			targets = (
				FBD0A42828A3181F00719745 /* aplicacion_de_comida_ios */,
				FBD0A43D28A3182600719745 /* aplicacion_de_comida_iosTests */,
				FBD0A44728A3182600719745 /* aplicacion_de_comida_iosUITests */,
			);
		};
/* End PBXProject section */

/* Begin PBXResourcesBuildPhase section */
		FBD0A42728A3181F00719745 /* Resources */ = {
			isa = PBXResourcesBuildPhase;
			buildActionMask = 2147483647;
			files = (
				FBD0A43428A3182500719745 /* Preview Assets.xcassets in Resources */,
				FBD0A43128A3182500719745 /* Assets.xcassets in Resources */,
			);
			runOnlyForDeploymentPostprocessing = 0;
		};
		FBD0A43C28A3182600719745 /* Resources */ = {
			isa = PBXResourcesBuildPhase;
			buildActionMask = 2147483647;
			files = (
			);
			runOnlyForDeploymentPostprocessing = 0;
		};
		FBD0A44628A3182600719745 /* Resources */ = {
			isa = PBXResourcesBuildPhase;
			buildActionMask = 2147483647;
			files = (
			);
			runOnlyForDeploymentPostprocessing = 0;
		};
/* End PBXResourcesBuildPhase section */

/* Begin PBXSourcesBuildPhase section */
		FBD0A42528A3181F00719745 /* Sources */ = {
			isa = PBXSourcesBuildPhase;
			buildActionMask = 2147483647;
			files = (
				FBD0A43628A3182500719745 /* Persistence.swift in Sources */,
				FBD0A42F28A3181F00719745 /* ContentView.swift in Sources */,
				FBD0A43928A3182500719745 /* aplicacion_de_comida_ios.xcdatamodeld in Sources */,
				FBD0A42D28A3181F00719745 /* aplicacion_de_comida_iosApp.swift in Sources */,
			);
			runOnlyForDeploymentPostprocessing = 0;
		};
		FBD0A43A28A3182600719745 /* Sources */ = {
			isa = PBXSourcesBuildPhase;
			buildActionMask = 2147483647;
			files = (
				FBD0A44328A3182600719745 /* aplicacion_de_comida_iosTests.swift in Sources */,
			);
			runOnlyForDeploymentPostprocessing = 0;
		};
		FBD0A44428A3182600719745 /* Sources */ = {
			isa = PBXSourcesBuildPhase;
			buildActionMask = 2147483647;
			files = (
				FBD0A44D28A3182600719745 /* aplicacion_de_comida_iosUITests.swift in Sources */,
				FBD0A44F28A3182600719745 /* aplicacion_de_comida_iosUITestsLaunchTests.swift in Sources */,
			);
			runOnlyForDeploymentPostprocessing = 0;
		};
/* End PBXSourcesBuildPhase section */

/* Begin PBXTargetDependency section */
		FBD0A44028A3182600719745 /* PBXTargetDependency */ = {
			isa = PBXTargetDependency;
			target = FBD0A42828A3181F00719745 /* aplicacion_de_comida_ios */;
			targetProxy = FBD0A43F28A3182600719745 /* PBXContainerItemProxy */;
		};
		FBD0A44A28A3182600719745 /* PBXTargetDependency */ = {
			isa = PBXTargetDependency;
			target = FBD0A42828A3181F00719745 /* aplicacion_de_comida_ios */;
			targetProxy = FBD0A44928A3182600719745 /* PBXContainerItemProxy */;
		};
/* End PBXTargetDependency section */

/* Begin XCBuildConfiguration section */
		FBD0A45028A3182600719745 /* Debug */ = {
			isa = XCBuildConfiguration;
			buildSettings = {
				ALWAYS_SEARCH_USER_PATHS = NO;
				CLANG_ANALYZER_NONNULL = YES;
				CLANG_ANALYZER_NUMBER_OBJECT_CONVERSION = YES_AGGRESSIVE;
				CLANG_CXX_LANGUAGE_STANDARD = "gnu++17";
				CLANG_CXX_LIBRARY = "libc++";
				CLANG_ENABLE_MODULES = YES;
				CLANG_ENABLE_OBJC_ARC = YES;
				CLANG_ENABLE_OBJC_WEAK = YES;
				CLANG_WARN_BLOCK_CAPTURE_AUTORELEASING = YES;
				CLANG_WARN_BOOL_CONVERSION = YES;
				CLANG_WARN_COMMA = YES;
				CLANG_WARN_CONSTANT_CONVERSION = YES;
				CLANG_WARN_DEPRECATED_OBJC_IMPLEMENTATIONS = YES;
				CLANG_WARN_DIRECT_OBJC_ISA_USAGE = YES_ERROR;
				CLANG_WARN_DOCUMENTATION_COMMENTS = YES;
				CLANG_WARN_EMPTY_BODY = YES;
				CLANG_WARN_ENUM_CONVERSION = YES;
				CLANG_WARN_INFINITE_RECURSION = YES;
				CLANG_WARN_INT_CONVERSION = YES;
				CLANG_WARN_NON_LITERAL_NULL_CONVERSION = YES;
				CLANG_WARN_OBJC_IMPLICIT_RETAIN_SELF = YES;
				CLANG_WARN_OBJC_LITERAL_CONVERSION = YES;
				CLANG_WARN_OBJC_ROOT_CLASS = YES_ERROR;
				CLANG_WARN_QUOTED_INCLUDE_IN_FRAMEWORK_HEADER = YES;
				CLANG_WARN_RANGE_LOOP_ANALYSIS = YES;
				CLANG_WARN_STRICT_PROTOTYPES = YES;
				CLANG_WARN_SUSPICIOUS_MOVE = YES;
				CLANG_WARN_UNGUARDED_AVAILABILITY = YES_AGGRESSIVE;
				CLANG_WARN_UNREACHABLE_CODE = YES;
				CLANG_WARN__DUPLICATE_METHOD_MATCH = YES;
				COPY_PHASE_STRIP = NO;
				DEBUG_INFORMATION_FORMAT = dwarf;
				ENABLE_STRICT_OBJC_MSGSEND = YES;
				ENABLE_TESTABILITY = YES;
				GCC_C_LANGUAGE_STANDARD = gnu11;
				GCC_DYNAMIC_NO_PIC = NO;
				GCC_NO_COMMON_BLOCKS = YES;
				GCC_OPTIMIZATION_LEVEL = 0;
				GCC_PREPROCESSOR_DEFINITIONS = (
					"DEBUG=1",
					"$(inherited)",
				);
				GCC_WARN_64_TO_32_BIT_CONVERSION = YES;
				GCC_WARN_ABOUT_RETURN_TYPE = YES_ERROR;
				GCC_WARN_UNDECLARED_SELECTOR = YES;
				GCC_WARN_UNINITIALIZED_AUTOS = YES_AGGRESSIVE;
				GCC_WARN_UNUSED_FUNCTION = YES;
				GCC_WARN_UNUSED_VARIABLE = YES;
				IPHONEOS_DEPLOYMENT_TARGET = 15.2;
				MTL_ENABLE_DEBUG_INFO = INCLUDE_SOURCE;
				MTL_FAST_MATH = YES;
				ONLY_ACTIVE_ARCH = YES;
				SDKROOT = iphoneos;
				SWIFT_ACTIVE_COMPILATION_CONDITIONS = DEBUG;
				SWIFT_OPTIMIZATION_LEVEL = "-Onone";
			};
			name = Debug;
		};
		FBD0A45128A3182600719745 /* Release */ = {
			isa = XCBuildConfiguration;
			buildSettings = {
				ALWAYS_SEARCH_USER_PATHS = NO;
				CLANG_ANALYZER_NONNULL = YES;
				CLANG_ANALYZER_NUMBER_OBJECT_CONVERSION = YES_AGGRESSIVE;
				CLANG_CXX_LANGUAGE_STANDARD = "gnu++17";
				CLANG_CXX_LIBRARY = "libc++";
				CLANG_ENABLE_MODULES = YES;
				CLANG_ENABLE_OBJC_ARC = YES;
				CLANG_ENABLE_OBJC_WEAK = YES;
				CLANG_WARN_BLOCK_CAPTURE_AUTORELEASING = YES;
				CLANG_WARN_BOOL_CONVERSION = YES;
				CLANG_WARN_COMMA = YES;
				CLANG_WARN_CONSTANT_CONVERSION = YES;
				CLANG_WARN_DEPRECATED_OBJC_IMPLEMENTATIONS = YES;
				CLANG_WARN_DIRECT_OBJC_ISA_USAGE = YES_ERROR;
				CLANG_WARN_DOCUMENTATION_COMMENTS = YES;
				CLANG_WARN_EMPTY_BODY = YES;
				CLANG_WARN_ENUM_CONVERSION = YES;
				CLANG_WARN_INFINITE_RECURSION = YES;
				CLANG_WARN_INT_CONVERSION = YES;
				CLANG_WARN_NON_LITERAL_NULL_CONVERSION = YES;
				CLANG_WARN_OBJC_IMPLICIT_RETAIN_SELF = YES;
				CLANG_WARN_OBJC_LITERAL_CONVERSION = YES;
				CLANG_WARN_OBJC_ROOT_CLASS = YES_ERROR;
				CLANG_WARN_QUOTED_INCLUDE_IN_FRAMEWORK_HEADER = YES;
				CLANG_WARN_RANGE_LOOP_ANALYSIS = YES;
				CLANG_WARN_STRICT_PROTOTYPES = YES;
				CLANG_WARN_SUSPICIOUS_MOVE = YES;
				CLANG_WARN_UNGUARDED_AVAILABILITY = YES_AGGRESSIVE;
				CLANG_WARN_UNREACHABLE_CODE = YES;
				CLANG_WARN__DUPLICATE_METHOD_MATCH = YES;
				COPY_PHASE_STRIP = NO;
				DEBUG_INFORMATION_FORMAT = "dwarf-with-dsym";
				ENABLE_NS_ASSERTIONS = NO;
				ENABLE_STRICT_OBJC_MSGSEND = YES;
				GCC_C_LANGUAGE_STANDARD = gnu11;
				GCC_NO_COMMON_BLOCKS = YES;
				GCC_WARN_64_TO_32_BIT_CONVERSION = YES;
				GCC_WARN_ABOUT_RETURN_TYPE = YES_ERROR;
				GCC_WARN_UNDECLARED_SELECTOR = YES;
				GCC_WARN_UNINITIALIZED_AUTOS = YES_AGGRESSIVE;
				GCC_WARN_UNUSED_FUNCTION = YES;
				GCC_WARN_UNUSED_VARIABLE = YES;
				IPHONEOS_DEPLOYMENT_TARGET = 15.2;
				MTL_ENABLE_DEBUG_INFO = NO;
				MTL_FAST_MATH = YES;
				SDKROOT = iphoneos;
				SWIFT_COMPILATION_MODE = wholemodule;
				SWIFT_OPTIMIZATION_LEVEL = "-O";
				VALIDATE_PRODUCT = YES;
			};
			name = Release;
		};
		FBD0A45328A3182600719745 /* Debug */ = {
			isa = XCBuildConfiguration;
			buildSettings = {
				ASSETCATALOG_COMPILER_APPICON_NAME = AppIcon;
				ASSETCATALOG_COMPILER_GLOBAL_ACCENT_COLOR_NAME = AccentColor;
				CODE_SIGN_STYLE = Automatic;
				CURRENT_PROJECT_VERSION = 1;
				DEVELOPMENT_ASSET_PATHS = "\"aplicacion_de_comida_ios/Preview Content\"";
				ENABLE_PREVIEWS = YES;
				GENERATE_INFOPLIST_FILE = YES;
				INFOPLIST_KEY_UIApplicationSceneManifest_Generation = YES;
				INFOPLIST_KEY_UIApplicationSupportsIndirectInputEvents = YES;
				INFOPLIST_KEY_UILaunchScreen_Generation = YES;
				INFOPLIST_KEY_UISupportedInterfaceOrientations_iPad = "UIInterfaceOrientationPortrait UIInterfaceOrientationPortraitUpsideDown UIInterfaceOrientationLandscapeLeft UIInterfaceOrientationLandscapeRight";
				INFOPLIST_KEY_UISupportedInterfaceOrientations_iPhone = "UIInterfaceOrientationPortrait UIInterfaceOrientationLandscapeLeft UIInterfaceOrientationLandscapeRight";
				LD_RUNPATH_SEARCH_PATHS = (
					"$(inherited)",
					"@executable_path/Frameworks",
				);
				MARKETING_VERSION = 1.0;
				PRODUCT_BUNDLE_IDENTIFIER = "com.example.aplicacion-de-comida-ios";
				PRODUCT_NAME = "$(TARGET_NAME)";
				SWIFT_EMIT_LOC_STRINGS = YES;
				SWIFT_VERSION = 5.0;
				TARGETED_DEVICE_FAMILY = "1,2";
			};
			name = Debug;
		};
		FBD0A45428A3182600719745 /* Release */ = {
			isa = XCBuildConfiguration;
			buildSettings = {
				ASSETCATALOG_COMPILER_APPICON_NAME = AppIcon;
				ASSETCATALOG_COMPILER_GLOBAL_ACCENT_COLOR_NAME = AccentColor;
				CODE_SIGN_STYLE = Automatic;
				CURRENT_PROJECT_VERSION = 1;
				DEVELOPMENT_ASSET_PATHS = "\"aplicacion_de_comida_ios/Preview Content\"";
				ENABLE_PREVIEWS = YES;
				GENERATE_INFOPLIST_FILE = YES;
				INFOPLIST_KEY_UIApplicationSceneManifest_Generation = YES;
				INFOPLIST_KEY_UIApplicationSupportsIndirectInputEvents = YES;
				INFOPLIST_KEY_UILaunchScreen_Generation = YES;
				INFOPLIST_KEY_UISupportedInterfaceOrientations_iPad = "UIInterfaceOrientationPortrait UIInterfaceOrientationPortraitUpsideDown UIInterfaceOrientationLandscapeLeft UIInterfaceOrientationLandscapeRight";
				INFOPLIST_KEY_UISupportedInterfaceOrientations_iPhone = "UIInterfaceOrientationPortrait UIInterfaceOrientationLandscapeLeft UIInterfaceOrientationLandscapeRight";
				LD_RUNPATH_SEARCH_PATHS = (
					"$(inherited)",
					"@executable_path/Frameworks",
				);
				MARKETING_VERSION = 1.0;
				PRODUCT_BUNDLE_IDENTIFIER = "com.example.aplicacion-de-comida-ios";
				PRODUCT_NAME = "$(TARGET_NAME)";
				SWIFT_EMIT_LOC_STRINGS = YES;
				SWIFT_VERSION = 5.0;
				TARGETED_DEVICE_FAMILY = "1,2";
			};
			name = Release;
		};
		FBD0A45628A3182600719745 /* Debug */ = {
			isa = XCBuildConfiguration;
			buildSettings = {
				ALWAYS_EMBED_SWIFT_STANDARD_LIBRARIES = YES;
				BUNDLE_LOADER = "$(TEST_HOST)";
				CODE_SIGN_STYLE = Automatic;
				CURRENT_PROJECT_VERSION = 1;
				GENERATE_INFOPLIST_FILE = YES;
				IPHONEOS_DEPLOYMENT_TARGET = 15.2;
				MARKETING_VERSION = 1.0;
				PRODUCT_BUNDLE_IDENTIFIER = "com.example.aplicacion-de-comida-iosTests";
				PRODUCT_NAME = "$(TARGET_NAME)";
				SWIFT_EMIT_LOC_STRINGS = NO;
				SWIFT_VERSION = 5.0;
				TARGETED_DEVICE_FAMILY = "1,2";
				TEST_HOST = "$(BUILT_PRODUCTS_DIR)/aplicacion_de_comida_ios.app/aplicacion_de_comida_ios";
			};
			name = Debug;
		};
		FBD0A45728A3182600719745 /* Release */ = {
			isa = XCBuildConfiguration;
			buildSettings = {
				ALWAYS_EMBED_SWIFT_STANDARD_LIBRARIES = YES;
				BUNDLE_LOADER = "$(TEST_HOST)";
				CODE_SIGN_STYLE = Automatic;
				CURRENT_PROJECT_VERSION = 1;
				GENERATE_INFOPLIST_FILE = YES;
				IPHONEOS_DEPLOYMENT_TARGET = 15.2;
				MARKETING_VERSION = 1.0;
				PRODUCT_BUNDLE_IDENTIFIER = "com.example.aplicacion-de-comida-iosTests";
				PRODUCT_NAME = "$(TARGET_NAME)";
				SWIFT_EMIT_LOC_STRINGS = NO;
				SWIFT_VERSION = 5.0;
				TARGETED_DEVICE_FAMILY = "1,2";
				TEST_HOST = "$(BUILT_PRODUCTS_DIR)/aplicacion_de_comida_ios.app/aplicacion_de_comida_ios";
			};
			name = Release;
		};
		FBD0A45928A3182600719745 /* Debug */ = {
			isa = XCBuildConfiguration;
			buildSettings = {
				ALWAYS_EMBED_SWIFT_STANDARD_LIBRARIES = YES;
				CODE_SIGN_STYLE = Automatic;
				CURRENT_PROJECT_VERSION = 1;
				GENERATE_INFOPLIST_FILE = YES;
				MARKETING_VERSION = 1.0;
				PRODUCT_BUNDLE_IDENTIFIER = "com.example.aplicacion-de-comida-iosUITests";
				PRODUCT_NAME = "$(TARGET_NAME)";
				SWIFT_EMIT_LOC_STRINGS = NO;
				SWIFT_VERSION = 5.0;
				TARGETED_DEVICE_FAMILY = "1,2";
				TEST_TARGET_NAME = aplicacion_de_comida_ios;
			};
			name = Debug;
		};
		FBD0A45A28A3182600719745 /* Release */ = {
			isa = XCBuildConfiguration;
			buildSettings = {
				ALWAYS_EMBED_SWIFT_STANDARD_LIBRARIES = YES;
				CODE_SIGN_STYLE = Automatic;
				CURRENT_PROJECT_VERSION = 1;
				GENERATE_INFOPLIST_FILE = YES;
				MARKETING_VERSION = 1.0;
				PRODUCT_BUNDLE_IDENTIFIER = "com.example.aplicacion-de-comida-iosUITests";
				PRODUCT_NAME = "$(TARGET_NAME)";
				SWIFT_EMIT_LOC_STRINGS = NO;
				SWIFT_VERSION = 5.0;
				TARGETED_DEVICE_FAMILY = "1,2";
				TEST_TARGET_NAME = aplicacion_de_comida_ios;
			};
			name = Release;
		};
/* End XCBuildConfiguration section */

/* Begin XCConfigurationList section */
		FBD0A42428A3181F00719745 /* Build configuration list for PBXProject "aplicacion_de_comida_ios" */ = {
			isa = XCConfigurationList;
			buildConfigurations = (
				FBD0A45028A3182600719745 /* Debug */,
				FBD0A45128A3182600719745 /* Release */,
			);
			defaultConfigurationIsVisible = 0;
			defaultConfigurationName = Release;
		};
		FBD0A45228A3182600719745 /* Build configuration list for PBXNativeTarget "aplicacion_de_comida_ios" */ = {
			isa = XCConfigurationList;
			buildConfigurations = (
				FBD0A45328A3182600719745 /* Debug */,
				FBD0A45428A3182600719745 /* Release */,
			);
			defaultConfigurationIsVisible = 0;
			defaultConfigurationName = Release;
		};
		FBD0A45528A3182600719745 /* Build configuration list for PBXNativeTarget "aplicacion_de_comida_iosTests" */ = {
			isa = XCConfigurationList;
			buildConfigurations = (
				FBD0A45628A3182600719745 /* Debug */,
				FBD0A45728A3182600719745 /* Release */,
			);
			defaultConfigurationIsVisible = 0;
			defaultConfigurationName = Release;
		};
		FBD0A45828A3182600719745 /* Build configuration list for PBXNativeTarget "aplicacion_de_comida_iosUITests" */ = {
			isa = XCConfigurationList;
			buildConfigurations = (
				FBD0A45928A3182600719745 /* Debug */,
				FBD0A45A28A3182600719745 /* Release */,
			);
			defaultConfigurationIsVisible = 0;
			defaultConfigurationName = Release;
		};
/* End XCConfigurationList section */

/* Begin XCVersionGroup section */
		FBD0A43728A3182500719745 /* aplicacion_de_comida_ios.xcdatamodeld */ = {
			isa = XCVersionGroup;
			children = (
				FBD0A43828A3182500719745 /* aplicacion_de_comida_ios.xcdatamodel */,
			);
			currentVersion = FBD0A43828A3182500719745 /* aplicacion_de_comida_ios.xcdatamodel */;
			path = aplicacion_de_comida_ios.xcdatamodeld;
			sourceTree = "<group>";
			versionGroupType = wrapper.xcdatamodel;
		};
/* End XCVersionGroup section */
	};
	rootObject = FBD0A42128A3181F00719745 /* Project object */;
}
