// !$*UTF8*$!
{
	archiveVersion = 1;
	classes = {
	};
	objectVersion = 55;
	objects = {

/* Begin PBXBuildFile section */
		FBB3517528A6D4E300ADDC3B /* WelcomeViewModel.swift in Sources */ = {isa = PBXBuildFile; fileRef = FBB3517428A6D4E300ADDC3B /* WelcomeViewModel.swift */; };
		FBB3517828A747B600ADDC3B /* RoundedCornersView.swift in Sources */ = {isa = PBXBuildFile; fileRef = FBB3517728A747B600ADDC3B /* RoundedCornersView.swift */; };
		FBB3517B28A74AD900ADDC3B /* VistasReutilizables.swift in Sources */ = {isa = PBXBuildFile; fileRef = FBB3517A28A74AD900ADDC3B /* VistasReutilizables.swift */; };
		FBD0A42D28A3181F00719745 /* aplicacion_de_comida_iosApp.swift in Sources */ = {isa = PBXBuildFile; fileRef = FBD0A42C28A3181F00719745 /* aplicacion_de_comida_iosApp.swift */; };
		FBD0A42F28A3181F00719745 /* ContentView.swift in Sources */ = {isa = PBXBuildFile; fileRef = FBD0A42E28A3181F00719745 /* ContentView.swift */; };
		FBD0A43128A3182500719745 /* Assets.xcassets in Resources */ = {isa = PBXBuildFile; fileRef = FBD0A43028A3182500719745 /* Assets.xcassets */; };
		FBD0A43428A3182500719745 /* Preview Assets.xcassets in Resources */ = {isa = PBXBuildFile; fileRef = FBD0A43328A3182500719745 /* Preview Assets.xcassets */; };
		FBD0A43628A3182500719745 /* Persistence.swift in Sources */ = {isa = PBXBuildFile; fileRef = FBD0A43528A3182500719745 /* Persistence.swift */; };
		FBD0A43928A3182500719745 /* aplicacion_de_comida_ios.xcdatamodeld in Sources */ = {isa = PBXBuildFile; fileRef = FBD0A43728A3182500719745 /* aplicacion_de_comida_ios.xcdatamodeld */; };
		FBD0A44328A3182600719745 /* aplicacion_de_comida_iosTests.swift in Sources */ = {isa = PBXBuildFile; fileRef = FBD0A44228A3182600719745 /* aplicacion_de_comida_iosTests.swift */; };
		FBD0A44D28A3182600719745 /* aplicacion_de_comida_iosUITests.swift in Sources */ = {isa = PBXBuildFile; fileRef = FBD0A44C28A3182600719745 /* aplicacion_de_comida_iosUITests.swift */; };
		FBD0A44F28A3182600719745 /* aplicacion_de_comida_iosUITestsLaunchTests.swift in Sources */ = {isa = PBXBuildFile; fileRef = FBD0A44E28A3182600719745 /* aplicacion_de_comida_iosUITestsLaunchTests.swift */; };
		FBD0A45F28A31EDB00719745 /* WelcomePantallaView.swift in Sources */ = {isa = PBXBuildFile; fileRef = FBD0A45E28A31EDB00719745 /* WelcomePantallaView.swift */; };
		FBD0A46128A31EF200719745 /* ComidasPantallaView.swift in Sources */ = {isa = PBXBuildFile; fileRef = FBD0A46028A31EF200719745 /* ComidasPantallaView.swift */; };
		FBD0A47428A3637300719745 /* Poppins-ThinItalic.ttf in Resources */ = {isa = PBXBuildFile; fileRef = FBD0A46228A3637200719745 /* Poppins-ThinItalic.ttf */; };
		FBD0A47528A3637300719745 /* Poppins-Bold.ttf in Resources */ = {isa = PBXBuildFile; fileRef = FBD0A46328A3637200719745 /* Poppins-Bold.ttf */; };
		FBD0A47628A3637300719745 /* Poppins-ExtraLight.ttf in Resources */ = {isa = PBXBuildFile; fileRef = FBD0A46428A3637200719745 /* Poppins-ExtraLight.ttf */; };
		FBD0A47728A3637300719745 /* Poppins-Light.ttf in Resources */ = {isa = PBXBuildFile; fileRef = FBD0A46528A3637200719745 /* Poppins-Light.ttf */; };
		FBD0A47828A3637300719745 /* Poppins-Medium.ttf in Resources */ = {isa = PBXBuildFile; fileRef = FBD0A46628A3637300719745 /* Poppins-Medium.ttf */; };
		FBD0A47928A3637300719745 /* Poppins-Regular.ttf in Resources */ = {isa = PBXBuildFile; fileRef = FBD0A46728A3637300719745 /* Poppins-Regular.ttf */; };
		FBD0A47A28A3637300719745 /* Poppins-SemiBoldItalic.ttf in Resources */ = {isa = PBXBuildFile; fileRef = FBD0A46828A3637300719745 /* Poppins-SemiBoldItalic.ttf */; };
		FBD0A47B28A3637300719745 /* Poppins-BoldItalic.ttf in Resources */ = {isa = PBXBuildFile; fileRef = FBD0A46928A3637300719745 /* Poppins-BoldItalic.ttf */; };
		FBD0A47C28A3637300719745 /* Poppins-Black.ttf in Resources */ = {isa = PBXBuildFile; fileRef = FBD0A46A28A3637300719745 /* Poppins-Black.ttf */; };
		FBD0A47D28A3637300719745 /* Poppins-ExtraLightItalic.ttf in Resources */ = {isa = PBXBuildFile; fileRef = FBD0A46B28A3637300719745 /* Poppins-ExtraLightItalic.ttf */; };
		FBD0A47E28A3637300719745 /* Poppins-Italic.ttf in Resources */ = {isa = PBXBuildFile; fileRef = FBD0A46C28A3637300719745 /* Poppins-Italic.ttf */; };
		FBD0A47F28A3637300719745 /* Poppins-ExtraBoldItalic.ttf in Resources */ = {isa = PBXBuildFile; fileRef = FBD0A46D28A3637300719745 /* Poppins-ExtraBoldItalic.ttf */; };
		FBD0A48028A3637300719745 /* Poppins-LightItalic.ttf in Resources */ = {isa = PBXBuildFile; fileRef = FBD0A46E28A3637300719745 /* Poppins-LightItalic.ttf */; };
		FBD0A48128A3637300719745 /* Poppins-ExtraBold.ttf in Resources */ = {isa = PBXBuildFile; fileRef = FBD0A46F28A3637300719745 /* Poppins-ExtraBold.ttf */; };
		FBD0A48228A3637300719745 /* Poppins-BlackItalic.ttf in Resources */ = {isa = PBXBuildFile; fileRef = FBD0A47028A3637300719745 /* Poppins-BlackItalic.ttf */; };
		FBD0A48328A3637300719745 /* Poppins-Thin.ttf in Resources */ = {isa = PBXBuildFile; fileRef = FBD0A47128A3637300719745 /* Poppins-Thin.ttf */; };
		FBD0A48428A3637300719745 /* Poppins-SemiBold.ttf in Resources */ = {isa = PBXBuildFile; fileRef = FBD0A47228A3637300719745 /* Poppins-SemiBold.ttf */; };
		FBD0A48528A3637300719745 /* Poppins-MediumItalic.ttf in Resources */ = {isa = PBXBuildFile; fileRef = FBD0A47328A3637300719745 /* Poppins-MediumItalic.ttf */; };
		FBD0A48C28A463F500719745 /* Comida.swift in Sources */ = {isa = PBXBuildFile; fileRef = FBD0A48B28A463F500719745 /* Comida.swift */; };
		FBD0A48E28A4651E00719745 /* EmojisCabezera.swift in Sources */ = {isa = PBXBuildFile; fileRef = FBD0A48D28A4651E00719745 /* EmojisCabezera.swift */; };
		FBD0A49028A5A77400719745 /* ComidaDetalleView.swift in Sources */ = {isa = PBXBuildFile; fileRef = FBD0A48F28A5A77400719745 /* ComidaDetalleView.swift */; };
/* End PBXBuildFile section */

/* Begin PBXContainerItemProxy section */
		FBD0A43F28A3182600719745 /* PBXContainerItemProxy */ = {
			isa = PBXContainerItemProxy;
			containerPortal = FBD0A42128A3181F00719745 /* Project object */;
			proxyType = 1;
			remoteGlobalIDString = FBD0A42828A3181F00719745;
			remoteInfo = aplicacion_de_comida_ios;
		};
		FBD0A44928A3182600719745 /* PBXContainerItemProxy */ = {
			isa = PBXContainerItemProxy;
			containerPortal = FBD0A42128A3181F00719745 /* Project object */;
			proxyType = 1;
			remoteGlobalIDString = FBD0A42828A3181F00719745;
			remoteInfo = aplicacion_de_comida_ios;
		};
/* End PBXContainerItemProxy section */

/* Begin PBXFileReference section */
		FBB3517428A6D4E300ADDC3B /* WelcomeViewModel.swift */ = {isa = PBXFileReference; lastKnownFileType = sourcecode.swift; path = WelcomeViewModel.swift; sourceTree = "<group>"; };
		FBB3517728A747B600ADDC3B /* RoundedCornersView.swift */ = {isa = PBXFileReference; lastKnownFileType = sourcecode.swift; path = RoundedCornersView.swift; sourceTree = "<group>"; };
		FBB3517A28A74AD900ADDC3B /* VistasReutilizables.swift */ = {isa = PBXFileReference; lastKnownFileType = sourcecode.swift; path = VistasReutilizables.swift; sourceTree = "<group>"; };
		FBD0A42928A3181F00719745 /* aplicacion_de_comida_ios.app */ = {isa = PBXFileReference; explicitFileType = wrapper.application; includeInIndex = 0; path = aplicacion_de_comida_ios.app; sourceTree = BUILT_PRODUCTS_DIR; };
		FBD0A42C28A3181F00719745 /* aplicacion_de_comida_iosApp.swift */ = {isa = PBXFileReference; lastKnownFileType = sourcecode.swift; path = aplicacion_de_comida_iosApp.swift; sourceTree = "<group>"; };
		FBD0A42E28A3181F00719745 /* ContentView.swift */ = {isa = PBXFileReference; lastKnownFileType = sourcecode.swift; path = ContentView.swift; sourceTree = "<group>"; };
		FBD0A43028A3182500719745 /* Assets.xcassets */ = {isa = PBXFileReference; lastKnownFileType = folder.assetcatalog; path = Assets.xcassets; sourceTree = "<group>"; };
		FBD0A43328A3182500719745 /* Preview Assets.xcassets */ = {isa = PBXFileReference; lastKnownFileType = folder.assetcatalog; path = "Preview Assets.xcassets"; sourceTree = "<group>"; };
		FBD0A43528A3182500719745 /* Persistence.swift */ = {isa = PBXFileReference; lastKnownFileType = sourcecode.swift; path = Persistence.swift; sourceTree = "<group>"; };
		FBD0A43828A3182500719745 /* aplicacion_de_comida_ios.xcdatamodel */ = {isa = PBXFileReference; lastKnownFileType = wrapper.xcdatamodel; path = aplicacion_de_comida_ios.xcdatamodel; sourceTree = "<group>"; };
		FBD0A43E28A3182600719745 /* aplicacion_de_comida_iosTests.xctest */ = {isa = PBXFileReference; explicitFileType = wrapper.cfbundle; includeInIndex = 0; path = aplicacion_de_comida_iosTests.xctest; sourceTree = BUILT_PRODUCTS_DIR; };
		FBD0A44228A3182600719745 /* aplicacion_de_comida_iosTests.swift */ = {isa = PBXFileReference; lastKnownFileType = sourcecode.swift; path = aplicacion_de_comida_iosTests.swift; sourceTree = "<group>"; };
		FBD0A44828A3182600719745 /* aplicacion_de_comida_iosUITests.xctest */ = {isa = PBXFileReference; explicitFileType = wrapper.cfbundle; includeInIndex = 0; path = aplicacion_de_comida_iosUITests.xctest; sourceTree = BUILT_PRODUCTS_DIR; };
		FBD0A44C28A3182600719745 /* aplicacion_de_comida_iosUITests.swift */ = {isa = PBXFileReference; lastKnownFileType = sourcecode.swift; path = aplicacion_de_comida_iosUITests.swift; sourceTree = "<group>"; };
		FBD0A44E28A3182600719745 /* aplicacion_de_comida_iosUITestsLaunchTests.swift */ = {isa = PBXFileReference; lastKnownFileType = sourcecode.swift; path = aplicacion_de_comida_iosUITestsLaunchTests.swift; sourceTree = "<group>"; };
		FBD0A45E28A31EDB00719745 /* WelcomePantallaView.swift */ = {isa = PBXFileReference; lastKnownFileType = sourcecode.swift; path = WelcomePantallaView.swift; sourceTree = "<group>"; };
		FBD0A46028A31EF200719745 /* ComidasPantallaView.swift */ = {isa = PBXFileReference; lastKnownFileType = sourcecode.swift; path = ComidasPantallaView.swift; sourceTree = "<group>"; };
		FBD0A46228A3637200719745 /* Poppins-ThinItalic.ttf */ = {isa = PBXFileReference; lastKnownFileType = file; path = "Poppins-ThinItalic.ttf"; sourceTree = "<group>"; };
		FBD0A46328A3637200719745 /* Poppins-Bold.ttf */ = {isa = PBXFileReference; lastKnownFileType = file; path = "Poppins-Bold.ttf"; sourceTree = "<group>"; };
		FBD0A46428A3637200719745 /* Poppins-ExtraLight.ttf */ = {isa = PBXFileReference; lastKnownFileType = file; path = "Poppins-ExtraLight.ttf"; sourceTree = "<group>"; };
		FBD0A46528A3637200719745 /* Poppins-Light.ttf */ = {isa = PBXFileReference; lastKnownFileType = file; path = "Poppins-Light.ttf"; sourceTree = "<group>"; };
		FBD0A46628A3637300719745 /* Poppins-Medium.ttf */ = {isa = PBXFileReference; lastKnownFileType = file; path = "Poppins-Medium.ttf"; sourceTree = "<group>"; };
		FBD0A46728A3637300719745 /* Poppins-Regular.ttf */ = {isa = PBXFileReference; lastKnownFileType = file; path = "Poppins-Regular.ttf"; sourceTree = "<group>"; };
		FBD0A46828A3637300719745 /* Poppins-SemiBoldItalic.ttf */ = {isa = PBXFileReference; lastKnownFileType = file; path = "Poppins-SemiBoldItalic.ttf"; sourceTree = "<group>"; };
		FBD0A46928A3637300719745 /* Poppins-BoldItalic.ttf */ = {isa = PBXFileReference; lastKnownFileType = file; path = "Poppins-BoldItalic.ttf"; sourceTree = "<group>"; };
		FBD0A46A28A3637300719745 /* Poppins-Black.ttf */ = {isa = PBXFileReference; lastKnownFileType = file; path = "Poppins-Black.ttf"; sourceTree = "<group>"; };
		FBD0A46B28A3637300719745 /* Poppins-ExtraLightItalic.ttf */ = {isa = PBXFileReference; lastKnownFileType = file; path = "Poppins-ExtraLightItalic.ttf"; sourceTree = "<group>"; };
		FBD0A46C28A3637300719745 /* Poppins-Italic.ttf */ = {isa = PBXFileReference; lastKnownFileType = file; path = "Poppins-Italic.ttf"; sourceTree = "<group>"; };
		FBD0A46D28A3637300719745 /* Poppins-ExtraBoldItalic.ttf */ = {isa = PBXFileReference; lastKnownFileType = file; path = "Poppins-ExtraBoldItalic.ttf"; sourceTree = "<group>"; };
		FBD0A46E28A3637300719745 /* Poppins-LightItalic.ttf */ = {isa = PBXFileReference; lastKnownFileType = file; path = "Poppins-LightItalic.ttf"; sourceTree = "<group>"; };
		FBD0A46F28A3637300719745 /* Poppins-ExtraBold.ttf */ = {isa = PBXFileReference; lastKnownFileType = file; path = "Poppins-ExtraBold.ttf"; sourceTree = "<group>"; };
		FBD0A47028A3637300719745 /* Poppins-BlackItalic.ttf */ = {isa = PBXFileReference; lastKnownFileType = file; path = "Poppins-BlackItalic.ttf"; sourceTree = "<group>"; };
		FBD0A47128A3637300719745 /* Poppins-Thin.ttf */ = {isa = PBXFileReference; lastKnownFileType = file; path = "Poppins-Thin.ttf"; sourceTree = "<group>"; };
		FBD0A47228A3637300719745 /* Poppins-SemiBold.ttf */ = {isa = PBXFileReference; lastKnownFileType = file; path = "Poppins-SemiBold.ttf"; sourceTree = "<group>"; };
		FBD0A47328A3637300719745 /* Poppins-MediumItalic.ttf */ = {isa = PBXFileReference; lastKnownFileType = file; path = "Poppins-MediumItalic.ttf"; sourceTree = "<group>"; };
		FBD0A48728A363FC00719745 /* aplicacion-de-comida-ios-Info.plist */ = {isa = PBXFileReference; lastKnownFileType = text.plist; path = "aplicacion-de-comida-ios-Info.plist"; sourceTree = SOURCE_ROOT; };
		FBD0A48B28A463F500719745 /* Comida.swift */ = {isa = PBXFileReference; lastKnownFileType = sourcecode.swift; path = Comida.swift; sourceTree = "<group>"; };
		FBD0A48D28A4651E00719745 /* EmojisCabezera.swift */ = {isa = PBXFileReference; lastKnownFileType = sourcecode.swift; path = EmojisCabezera.swift; sourceTree = "<group>"; };
		FBD0A48F28A5A77400719745 /* ComidaDetalleView.swift */ = {isa = PBXFileReference; lastKnownFileType = sourcecode.swift; path = ComidaDetalleView.swift; sourceTree = "<group>"; };
/* End PBXFileReference section */

/* Begin PBXFrameworksBuildPhase section */
		FBD0A42628A3181F00719745 /* Frameworks */ = {
			isa = PBXFrameworksBuildPhase;
			buildActionMask = 2147483647;
			files = (
			);
			runOnlyForDeploymentPostprocessing = 0;
		};
		FBD0A43B28A3182600719745 /* Frameworks */ = {
			isa = PBXFrameworksBuildPhase;
			buildActionMask = 2147483647;
			files = (
			);
			runOnlyForDeploymentPostprocessing = 0;
		};
		FBD0A44528A3182600719745 /* Frameworks */ = {
			isa = PBXFrameworksBuildPhase;
			buildActionMask = 2147483647;
			files = (
			);
			runOnlyForDeploymentPostprocessing = 0;
		};
/* End PBXFrameworksBuildPhase section */

/* Begin PBXGroup section */
		FBB3517628A7478A00ADDC3B /* Utilitarios */ = {
			isa = PBXGroup;
			children = (
				FBB3517728A747B600ADDC3B /* RoundedCornersView.swift */,
			);
			path = Utilitarios;
			sourceTree = "<group>";
		};
		FBB3517928A74AB800ADDC3B /* Common */ = {
			isa = PBXGroup;
			children = (
				FBB3517A28A74AD900ADDC3B /* VistasReutilizables.swift */,
			);
			path = Common;
			sourceTree = "<group>";
		};
		FBD0A42028A3181F00719745 = {
			isa = PBXGroup;
			children = (
				FBD0A42B28A3181F00719745 /* aplicacion_de_comida_ios */,
				FBD0A44128A3182600719745 /* aplicacion_de_comida_iosTests */,
				FBD0A44B28A3182600719745 /* aplicacion_de_comida_iosUITests */,
				FBD0A42A28A3181F00719745 /* Products */,
			);
			sourceTree = "<group>";
		};
		FBD0A42A28A3181F00719745 /* Products */ = {
			isa = PBXGroup;
			children = (
				FBD0A42928A3181F00719745 /* aplicacion_de_comida_ios.app */,
				FBD0A43E28A3182600719745 /* aplicacion_de_comida_iosTests.xctest */,
				FBD0A44828A3182600719745 /* aplicacion_de_comida_iosUITests.xctest */,
			);
			name = Products;
			sourceTree = "<group>";
		};
		FBD0A42B28A3181F00719745 /* aplicacion_de_comida_ios */ = {
			isa = PBXGroup;
			children = (
				FBB3517628A7478A00ADDC3B /* Utilitarios */,
				FBD0A48928A463B500719745 /* Domain */,
				FBD0A48728A363FC00719745 /* aplicacion-de-comida-ios-Info.plist */,
				FBD0A48828A3651B00719745 /* Recursos */,
				FBD0A45B28A31E4700719745 /* uis */,
				FBD0A42C28A3181F00719745 /* aplicacion_de_comida_iosApp.swift */,
				FBD0A42E28A3181F00719745 /* ContentView.swift */,
				FBD0A43028A3182500719745 /* Assets.xcassets */,
				FBD0A43528A3182500719745 /* Persistence.swift */,
				FBD0A43728A3182500719745 /* aplicacion_de_comida_ios.xcdatamodeld */,
				FBD0A43228A3182500719745 /* Preview Content */,
			);
			path = aplicacion_de_comida_ios;
			sourceTree = "<group>";
		};
		FBD0A43228A3182500719745 /* Preview Content */ = {
			isa = PBXGroup;
			children = (
				FBD0A43328A3182500719745 /* Preview Assets.xcassets */,
			);
			path = "Preview Content";
			sourceTree = "<group>";
		};
		FBD0A44128A3182600719745 /* aplicacion_de_comida_iosTests */ = {
			isa = PBXGroup;
			children = (
				FBD0A44228A3182600719745 /* aplicacion_de_comida_iosTests.swift */,
			);
			path = aplicacion_de_comida_iosTests;
			sourceTree = "<group>";
		};
		FBD0A44B28A3182600719745 /* aplicacion_de_comida_iosUITests */ = {
			isa = PBXGroup;
			children = (
				FBD0A44C28A3182600719745 /* aplicacion_de_comida_iosUITests.swift */,
				FBD0A44E28A3182600719745 /* aplicacion_de_comida_iosUITestsLaunchTests.swift */,
			);
			path = aplicacion_de_comida_iosUITests;
			sourceTree = "<group>";
		};
		FBD0A45B28A31E4700719745 /* uis */ = {
			isa = PBXGroup;
			children = (
				FBB3517928A74AB800ADDC3B /* Common */,
				FBD0A45C28A31E6C00719745 /* Welcome */,
			);
			path = uis;
			sourceTree = "<group>";
		};
		FBD0A45C28A31E6C00719745 /* Welcome */ = {
			isa = PBXGroup;
			children = (
				FBD0A45D28A31E8100719745 /* Components */,
				FBB3517428A6D4E300ADDC3B /* WelcomeViewModel.swift */,
			);
			path = Welcome;
			sourceTree = "<group>";
		};
		FBD0A45D28A31E8100719745 /* Components */ = {
			isa = PBXGroup;
			children = (
				FBD0A45E28A31EDB00719745 /* WelcomePantallaView.swift */,
				FBD0A46028A31EF200719745 /* ComidasPantallaView.swift */,
				FBD0A48F28A5A77400719745 /* ComidaDetalleView.swift */,
			);
			path = Components;
			sourceTree = "<group>";
		};
		FBD0A48628A3638C00719745 /* Fonts */ = {
			isa = PBXGroup;
			children = (
				FBD0A46F28A3637300719745 /* Poppins-ExtraBold.ttf */,
				FBD0A46D28A3637300719745 /* Poppins-ExtraBoldItalic.ttf */,
				FBD0A46428A3637200719745 /* Poppins-ExtraLight.ttf */,
				FBD0A46B28A3637300719745 /* Poppins-ExtraLightItalic.ttf */,
				FBD0A46C28A3637300719745 /* Poppins-Italic.ttf */,
				FBD0A46528A3637200719745 /* Poppins-Light.ttf */,
				FBD0A46E28A3637300719745 /* Poppins-LightItalic.ttf */,
				FBD0A46628A3637300719745 /* Poppins-Medium.ttf */,
				FBD0A47328A3637300719745 /* Poppins-MediumItalic.ttf */,
				FBD0A46728A3637300719745 /* Poppins-Regular.ttf */,
				FBD0A47228A3637300719745 /* Poppins-SemiBold.ttf */,
				FBD0A46828A3637300719745 /* Poppins-SemiBoldItalic.ttf */,
				FBD0A47128A3637300719745 /* Poppins-Thin.ttf */,
				FBD0A46228A3637200719745 /* Poppins-ThinItalic.ttf */,
				FBD0A46928A3637300719745 /* Poppins-BoldItalic.ttf */,
				FBD0A46328A3637200719745 /* Poppins-Bold.ttf */,
				FBD0A47028A3637300719745 /* Poppins-BlackItalic.ttf */,
				FBD0A46A28A3637300719745 /* Poppins-Black.ttf */,
			);
			path = Fonts;
			sourceTree = "<group>";
		};
		FBD0A48828A3651B00719745 /* Recursos */ = {
			isa = PBXGroup;
			children = (
				FBD0A48628A3638C00719745 /* Fonts */,
			);
			path = Recursos;
			sourceTree = "<group>";
		};
		FBD0A48928A463B500719745 /* Domain */ = {
			isa = PBXGroup;
			children = (
				FBD0A48A28A463C800719745 /* Models */,
			);
			path = Domain;
			sourceTree = "<group>";
		};
		FBD0A48A28A463C800719745 /* Models */ = {
			isa = PBXGroup;
			children = (
				FBD0A48B28A463F500719745 /* Comida.swift */,
				FBD0A48D28A4651E00719745 /* EmojisCabezera.swift */,
			);
			path = Models;
			sourceTree = "<group>";
		};
/* End PBXGroup section */

/* Begin PBXNativeTarget section */
		FBD0A42828A3181F00719745 /* aplicacion_de_comida_ios */ = {
			isa = PBXNativeTarget;
			buildConfigurationList = FBD0A45228A3182600719745 /* Build configuration list for PBXNativeTarget "aplicacion_de_comida_ios" */;
			buildPhases = (
				FBD0A42528A3181F00719745 /* Sources */,
				FBD0A42628A3181F00719745 /* Frameworks */,
				FBD0A42728A3181F00719745 /* Resources */,
			);
			buildRules = (
			);
			dependencies = (
			);
			name = aplicacion_de_comida_ios;
			productName = aplicacion_de_comida_ios;
			productReference = FBD0A42928A3181F00719745 /* aplicacion_de_comida_ios.app */;
			productType = "com.apple.product-type.application";
		};
		FBD0A43D28A3182600719745 /* aplicacion_de_comida_iosTests */ = {
			isa = PBXNativeTarget;
			buildConfigurationList = FBD0A45528A3182600719745 /* Build configuration list for PBXNativeTarget "aplicacion_de_comida_iosTests" */;
			buildPhases = (
				FBD0A43A28A3182600719745 /* Sources */,
				FBD0A43B28A3182600719745 /* Frameworks */,
				FBD0A43C28A3182600719745 /* Resources */,
			);
			buildRules = (
			);
			dependencies = (
				FBD0A44028A3182600719745 /* PBXTargetDependency */,
			);
			name = aplicacion_de_comida_iosTests;
			productName = aplicacion_de_comida_iosTests;
			productReference = FBD0A43E28A3182600719745 /* aplicacion_de_comida_iosTests.xctest */;
			productType = "com.apple.product-type.bundle.unit-test";
		};
		FBD0A44728A3182600719745 /* aplicacion_de_comida_iosUITests */ = {
			isa = PBXNativeTarget;
			buildConfigurationList = FBD0A45828A3182600719745 /* Build configuration list for PBXNativeTarget "aplicacion_de_comida_iosUITests" */;
			buildPhases = (
				FBD0A44428A3182600719745 /* Sources */,
				FBD0A44528A3182600719745 /* Frameworks */,
				FBD0A44628A3182600719745 /* Resources */,
			);
			buildRules = (
			);
			dependencies = (
				FBD0A44A28A3182600719745 /* PBXTargetDependency */,
			);
			name = aplicacion_de_comida_iosUITests;
			productName = aplicacion_de_comida_iosUITests;
			productReference = FBD0A44828A3182600719745 /* aplicacion_de_comida_iosUITests.xctest */;
			productType = "com.apple.product-type.bundle.ui-testing";
		};
/* End PBXNativeTarget section */

/* Begin PBXProject section */
		FBD0A42128A3181F00719745 /* Project object */ = {
			isa = PBXProject;
			attributes = {
				BuildIndependentTargetsInParallel = 1;
				LastSwiftUpdateCheck = 1320;
				LastUpgradeCheck = 1320;
				TargetAttributes = {
					FBD0A42828A3181F00719745 = {
						CreatedOnToolsVersion = 13.2.1;
					};
					FBD0A43D28A3182600719745 = {
						CreatedOnToolsVersion = 13.2.1;
						TestTargetID = FBD0A42828A3181F00719745;
					};
					FBD0A44728A3182600719745 = {
						CreatedOnToolsVersion = 13.2.1;
						TestTargetID = FBD0A42828A3181F00719745;
					};
				};
			};
			buildConfigurationList = FBD0A42428A3181F00719745 /* Build configuration list for PBXProject "aplicacion_de_comida_ios" */;
			compatibilityVersion = "Xcode 13.0";
			developmentRegion = en;
			hasScannedForEncodings = 0;
			knownRegions = (
				en,
				Base,
			);
			mainGroup = FBD0A42028A3181F00719745;
			productRefGroup = FBD0A42A28A3181F00719745 /* Products */;
			projectDirPath = "";
			projectRoot = "";
			targets = (
				FBD0A42828A3181F00719745 /* aplicacion_de_comida_ios */,
				FBD0A43D28A3182600719745 /* aplicacion_de_comida_iosTests */,
				FBD0A44728A3182600719745 /* aplicacion_de_comida_iosUITests */,
			);
		};
/* End PBXProject section */

/* Begin PBXResourcesBuildPhase section */
		FBD0A42728A3181F00719745 /* Resources */ = {
			isa = PBXResourcesBuildPhase;
			buildActionMask = 2147483647;
			files = (
				FBD0A47D28A3637300719745 /* Poppins-ExtraLightItalic.ttf in Resources */,
				FBD0A48028A3637300719745 /* Poppins-LightItalic.ttf in Resources */,
				FBD0A47628A3637300719745 /* Poppins-ExtraLight.ttf in Resources */,
				FBD0A48328A3637300719745 /* Poppins-Thin.ttf in Resources */,
				FBD0A48228A3637300719745 /* Poppins-BlackItalic.ttf in Resources */,
				FBD0A48428A3637300719745 /* Poppins-SemiBold.ttf in Resources */,
				FBD0A47828A3637300719745 /* Poppins-Medium.ttf in Resources */,
				FBD0A47728A3637300719745 /* Poppins-Light.ttf in Resources */,
				FBD0A47428A3637300719745 /* Poppins-ThinItalic.ttf in Resources */,
				FBD0A48528A3637300719745 /* Poppins-MediumItalic.ttf in Resources */,
				FBD0A43428A3182500719745 /* Preview Assets.xcassets in Resources */,
				FBD0A47A28A3637300719745 /* Poppins-SemiBoldItalic.ttf in Resources */,
				FBD0A47E28A3637300719745 /* Poppins-Italic.ttf in Resources */,
				FBD0A43128A3182500719745 /* Assets.xcassets in Resources */,
				FBD0A47528A3637300719745 /* Poppins-Bold.ttf in Resources */,
				FBD0A47F28A3637300719745 /* Poppins-ExtraBoldItalic.ttf in Resources */,
				FBD0A48128A3637300719745 /* Poppins-ExtraBold.ttf in Resources */,
				FBD0A47C28A3637300719745 /* Poppins-Black.ttf in Resources */,
				FBD0A47928A3637300719745 /* Poppins-Regular.ttf in Resources */,
				FBD0A47B28A3637300719745 /* Poppins-BoldItalic.ttf in Resources */,
			);
			runOnlyForDeploymentPostprocessing = 0;
		};
		FBD0A43C28A3182600719745 /* Resources */ = {
			isa = PBXResourcesBuildPhase;
			buildActionMask = 2147483647;
			files = (
			);
			runOnlyForDeploymentPostprocessing = 0;
		};
		FBD0A44628A3182600719745 /* Resources */ = {
			isa = PBXResourcesBuildPhase;
			buildActionMask = 2147483647;
			files = (
			);
			runOnlyForDeploymentPostprocessing = 0;
		};
/* End PBXResourcesBuildPhase section */

/* Begin PBXSourcesBuildPhase section */
		FBD0A42528A3181F00719745 /* Sources */ = {
			isa = PBXSourcesBuildPhase;
			buildActionMask = 2147483647;
			files = (
				FBD0A46128A31EF200719745 /* ComidasPantallaView.swift in Sources */,
				FBB3517528A6D4E300ADDC3B /* WelcomeViewModel.swift in Sources */,
				FBD0A43628A3182500719745 /* Persistence.swift in Sources */,
				FBD0A42F28A3181F00719745 /* ContentView.swift in Sources */,
				FBD0A49028A5A77400719745 /* ComidaDetalleView.swift in Sources */,
				FBB3517B28A74AD900ADDC3B /* VistasReutilizables.swift in Sources */,
				FBB3517828A747B600ADDC3B /* RoundedCornersView.swift in Sources */,
				FBD0A48E28A4651E00719745 /* EmojisCabezera.swift in Sources */,
				FBD0A45F28A31EDB00719745 /* WelcomePantallaView.swift in Sources */,
				FBD0A43928A3182500719745 /* aplicacion_de_comida_ios.xcdatamodeld in Sources */,
				FBD0A48C28A463F500719745 /* Comida.swift in Sources */,
				FBD0A42D28A3181F00719745 /* aplicacion_de_comida_iosApp.swift in Sources */,
			);
			runOnlyForDeploymentPostprocessing = 0;
		};
		FBD0A43A28A3182600719745 /* Sources */ = {
			isa = PBXSourcesBuildPhase;
			buildActionMask = 2147483647;
			files = (
				FBD0A44328A3182600719745 /* aplicacion_de_comida_iosTests.swift in Sources */,
			);
			runOnlyForDeploymentPostprocessing = 0;
		};
		FBD0A44428A3182600719745 /* Sources */ = {
			isa = PBXSourcesBuildPhase;
			buildActionMask = 2147483647;
			files = (
				FBD0A44D28A3182600719745 /* aplicacion_de_comida_iosUITests.swift in Sources */,
				FBD0A44F28A3182600719745 /* aplicacion_de_comida_iosUITestsLaunchTests.swift in Sources */,
			);
			runOnlyForDeploymentPostprocessing = 0;
		};
/* End PBXSourcesBuildPhase section */

/* Begin PBXTargetDependency section */
		FBD0A44028A3182600719745 /* PBXTargetDependency */ = {
			isa = PBXTargetDependency;
			target = FBD0A42828A3181F00719745 /* aplicacion_de_comida_ios */;
			targetProxy = FBD0A43F28A3182600719745 /* PBXContainerItemProxy */;
		};
		FBD0A44A28A3182600719745 /* PBXTargetDependency */ = {
			isa = PBXTargetDependency;
			target = FBD0A42828A3181F00719745 /* aplicacion_de_comida_ios */;
			targetProxy = FBD0A44928A3182600719745 /* PBXContainerItemProxy */;
		};
/* End PBXTargetDependency section */

/* Begin XCBuildConfiguration section */
		FBD0A45028A3182600719745 /* Debug */ = {
			isa = XCBuildConfiguration;
			buildSettings = {
				ALWAYS_SEARCH_USER_PATHS = NO;
				CLANG_ANALYZER_NONNULL = YES;
				CLANG_ANALYZER_NUMBER_OBJECT_CONVERSION = YES_AGGRESSIVE;
				CLANG_CXX_LANGUAGE_STANDARD = "gnu++17";
				CLANG_CXX_LIBRARY = "libc++";
				CLANG_ENABLE_MODULES = YES;
				CLANG_ENABLE_OBJC_ARC = YES;
				CLANG_ENABLE_OBJC_WEAK = YES;
				CLANG_WARN_BLOCK_CAPTURE_AUTORELEASING = YES;
				CLANG_WARN_BOOL_CONVERSION = YES;
				CLANG_WARN_COMMA = YES;
				CLANG_WARN_CONSTANT_CONVERSION = YES;
				CLANG_WARN_DEPRECATED_OBJC_IMPLEMENTATIONS = YES;
				CLANG_WARN_DIRECT_OBJC_ISA_USAGE = YES_ERROR;
				CLANG_WARN_DOCUMENTATION_COMMENTS = YES;
				CLANG_WARN_EMPTY_BODY = YES;
				CLANG_WARN_ENUM_CONVERSION = YES;
				CLANG_WARN_INFINITE_RECURSION = YES;
				CLANG_WARN_INT_CONVERSION = YES;
				CLANG_WARN_NON_LITERAL_NULL_CONVERSION = YES;
				CLANG_WARN_OBJC_IMPLICIT_RETAIN_SELF = YES;
				CLANG_WARN_OBJC_LITERAL_CONVERSION = YES;
				CLANG_WARN_OBJC_ROOT_CLASS = YES_ERROR;
				CLANG_WARN_QUOTED_INCLUDE_IN_FRAMEWORK_HEADER = YES;
				CLANG_WARN_RANGE_LOOP_ANALYSIS = YES;
				CLANG_WARN_STRICT_PROTOTYPES = YES;
				CLANG_WARN_SUSPICIOUS_MOVE = YES;
				CLANG_WARN_UNGUARDED_AVAILABILITY = YES_AGGRESSIVE;
				CLANG_WARN_UNREACHABLE_CODE = YES;
				CLANG_WARN__DUPLICATE_METHOD_MATCH = YES;
				COPY_PHASE_STRIP = NO;
				DEBUG_INFORMATION_FORMAT = dwarf;
				ENABLE_STRICT_OBJC_MSGSEND = YES;
				ENABLE_TESTABILITY = YES;
				GCC_C_LANGUAGE_STANDARD = gnu11;
				GCC_DYNAMIC_NO_PIC = NO;
				GCC_NO_COMMON_BLOCKS = YES;
				GCC_OPTIMIZATION_LEVEL = 0;
				GCC_PREPROCESSOR_DEFINITIONS = (
					"DEBUG=1",
					"$(inherited)",
				);
				GCC_WARN_64_TO_32_BIT_CONVERSION = YES;
				GCC_WARN_ABOUT_RETURN_TYPE = YES_ERROR;
				GCC_WARN_UNDECLARED_SELECTOR = YES;
				GCC_WARN_UNINITIALIZED_AUTOS = YES_AGGRESSIVE;
				GCC_WARN_UNUSED_FUNCTION = YES;
				GCC_WARN_UNUSED_VARIABLE = YES;
				IPHONEOS_DEPLOYMENT_TARGET = 15.2;
				MTL_ENABLE_DEBUG_INFO = INCLUDE_SOURCE;
				MTL_FAST_MATH = YES;
				ONLY_ACTIVE_ARCH = YES;
				SDKROOT = iphoneos;
				SWIFT_ACTIVE_COMPILATION_CONDITIONS = DEBUG;
				SWIFT_OPTIMIZATION_LEVEL = "-Onone";
			};
			name = Debug;
		};
		FBD0A45128A3182600719745 /* Release */ = {
			isa = XCBuildConfiguration;
			buildSettings = {
				ALWAYS_SEARCH_USER_PATHS = NO;
				CLANG_ANALYZER_NONNULL = YES;
				CLANG_ANALYZER_NUMBER_OBJECT_CONVERSION = YES_AGGRESSIVE;
				CLANG_CXX_LANGUAGE_STANDARD = "gnu++17";
				CLANG_CXX_LIBRARY = "libc++";
				CLANG_ENABLE_MODULES = YES;
				CLANG_ENABLE_OBJC_ARC = YES;
				CLANG_ENABLE_OBJC_WEAK = YES;
				CLANG_WARN_BLOCK_CAPTURE_AUTORELEASING = YES;
				CLANG_WARN_BOOL_CONVERSION = YES;
				CLANG_WARN_COMMA = YES;
				CLANG_WARN_CONSTANT_CONVERSION = YES;
				CLANG_WARN_DEPRECATED_OBJC_IMPLEMENTATIONS = YES;
				CLANG_WARN_DIRECT_OBJC_ISA_USAGE = YES_ERROR;
				CLANG_WARN_DOCUMENTATION_COMMENTS = YES;
				CLANG_WARN_EMPTY_BODY = YES;
				CLANG_WARN_ENUM_CONVERSION = YES;
				CLANG_WARN_INFINITE_RECURSION = YES;
				CLANG_WARN_INT_CONVERSION = YES;
				CLANG_WARN_NON_LITERAL_NULL_CONVERSION = YES;
				CLANG_WARN_OBJC_IMPLICIT_RETAIN_SELF = YES;
				CLANG_WARN_OBJC_LITERAL_CONVERSION = YES;
				CLANG_WARN_OBJC_ROOT_CLASS = YES_ERROR;
				CLANG_WARN_QUOTED_INCLUDE_IN_FRAMEWORK_HEADER = YES;
				CLANG_WARN_RANGE_LOOP_ANALYSIS = YES;
				CLANG_WARN_STRICT_PROTOTYPES = YES;
				CLANG_WARN_SUSPICIOUS_MOVE = YES;
				CLANG_WARN_UNGUARDED_AVAILABILITY = YES_AGGRESSIVE;
				CLANG_WARN_UNREACHABLE_CODE = YES;
				CLANG_WARN__DUPLICATE_METHOD_MATCH = YES;
				COPY_PHASE_STRIP = NO;
				DEBUG_INFORMATION_FORMAT = "dwarf-with-dsym";
				ENABLE_NS_ASSERTIONS = NO;
				ENABLE_STRICT_OBJC_MSGSEND = YES;
				GCC_C_LANGUAGE_STANDARD = gnu11;
				GCC_NO_COMMON_BLOCKS = YES;
				GCC_WARN_64_TO_32_BIT_CONVERSION = YES;
				GCC_WARN_ABOUT_RETURN_TYPE = YES_ERROR;
				GCC_WARN_UNDECLARED_SELECTOR = YES;
				GCC_WARN_UNINITIALIZED_AUTOS = YES_AGGRESSIVE;
				GCC_WARN_UNUSED_FUNCTION = YES;
				GCC_WARN_UNUSED_VARIABLE = YES;
				IPHONEOS_DEPLOYMENT_TARGET = 15.2;
				MTL_ENABLE_DEBUG_INFO = NO;
				MTL_FAST_MATH = YES;
				SDKROOT = iphoneos;
				SWIFT_COMPILATION_MODE = wholemodule;
				SWIFT_OPTIMIZATION_LEVEL = "-O";
				VALIDATE_PRODUCT = YES;
			};
			name = Release;
		};
		FBD0A45328A3182600719745 /* Debug */ = {
			isa = XCBuildConfiguration;
			buildSettings = {
				ASSETCATALOG_COMPILER_APPICON_NAME = AppIcon;
				ASSETCATALOG_COMPILER_GLOBAL_ACCENT_COLOR_NAME = AccentColor;
				CODE_SIGN_STYLE = Automatic;
				CURRENT_PROJECT_VERSION = 1;
				DEVELOPMENT_ASSET_PATHS = "\"aplicacion_de_comida_ios/Preview Content\"";
				ENABLE_PREVIEWS = YES;
				GENERATE_INFOPLIST_FILE = YES;
				INFOPLIST_FILE = "aplicacion-de-comida-ios-Info.plist";
				INFOPLIST_KEY_UIApplicationSceneManifest_Generation = YES;
				INFOPLIST_KEY_UIApplicationSupportsIndirectInputEvents = YES;
				INFOPLIST_KEY_UILaunchScreen_Generation = YES;
				INFOPLIST_KEY_UISupportedInterfaceOrientations_iPad = "UIInterfaceOrientationPortrait UIInterfaceOrientationPortraitUpsideDown UIInterfaceOrientationLandscapeLeft UIInterfaceOrientationLandscapeRight";
				INFOPLIST_KEY_UISupportedInterfaceOrientations_iPhone = "UIInterfaceOrientationPortrait UIInterfaceOrientationLandscapeLeft UIInterfaceOrientationLandscapeRight";
				LD_RUNPATH_SEARCH_PATHS = (
					"$(inherited)",
					"@executable_path/Frameworks",
				);
				MARKETING_VERSION = 1.0;
				PRODUCT_BUNDLE_IDENTIFIER = "com.example.aplicacion-de-comida-ios";
				PRODUCT_NAME = "$(TARGET_NAME)";
				SWIFT_EMIT_LOC_STRINGS = YES;
				SWIFT_VERSION = 5.0;
				TARGETED_DEVICE_FAMILY = "1,2";
			};
			name = Debug;
		};
		FBD0A45428A3182600719745 /* Release */ = {
			isa = XCBuildConfiguration;
			buildSettings = {
				ASSETCATALOG_COMPILER_APPICON_NAME = AppIcon;
				ASSETCATALOG_COMPILER_GLOBAL_ACCENT_COLOR_NAME = AccentColor;
				CODE_SIGN_STYLE = Automatic;
				CURRENT_PROJECT_VERSION = 1;
				DEVELOPMENT_ASSET_PATHS = "\"aplicacion_de_comida_ios/Preview Content\"";
				ENABLE_PREVIEWS = YES;
				GENERATE_INFOPLIST_FILE = YES;
				INFOPLIST_FILE = "aplicacion-de-comida-ios-Info.plist";
				INFOPLIST_KEY_UIApplicationSceneManifest_Generation = YES;
				INFOPLIST_KEY_UIApplicationSupportsIndirectInputEvents = YES;
				INFOPLIST_KEY_UILaunchScreen_Generation = YES;
				INFOPLIST_KEY_UISupportedInterfaceOrientations_iPad = "UIInterfaceOrientationPortrait UIInterfaceOrientationPortraitUpsideDown UIInterfaceOrientationLandscapeLeft UIInterfaceOrientationLandscapeRight";
				INFOPLIST_KEY_UISupportedInterfaceOrientations_iPhone = "UIInterfaceOrientationPortrait UIInterfaceOrientationLandscapeLeft UIInterfaceOrientationLandscapeRight";
				LD_RUNPATH_SEARCH_PATHS = (
					"$(inherited)",
					"@executable_path/Frameworks",
				);
				MARKETING_VERSION = 1.0;
				PRODUCT_BUNDLE_IDENTIFIER = "com.example.aplicacion-de-comida-ios";
				PRODUCT_NAME = "$(TARGET_NAME)";
				SWIFT_EMIT_LOC_STRINGS = YES;
				SWIFT_VERSION = 5.0;
				TARGETED_DEVICE_FAMILY = "1,2";
			};
			name = Release;
		};
		FBD0A45628A3182600719745 /* Debug */ = {
			isa = XCBuildConfiguration;
			buildSettings = {
				ALWAYS_EMBED_SWIFT_STANDARD_LIBRARIES = YES;
				BUNDLE_LOADER = "$(TEST_HOST)";
				CODE_SIGN_STYLE = Automatic;
				CURRENT_PROJECT_VERSION = 1;
				GENERATE_INFOPLIST_FILE = YES;
				IPHONEOS_DEPLOYMENT_TARGET = 15.2;
				MARKETING_VERSION = 1.0;
				PRODUCT_BUNDLE_IDENTIFIER = "com.example.aplicacion-de-comida-iosTests";
				PRODUCT_NAME = "$(TARGET_NAME)";
				SWIFT_EMIT_LOC_STRINGS = NO;
				SWIFT_VERSION = 5.0;
				TARGETED_DEVICE_FAMILY = "1,2";
				TEST_HOST = "$(BUILT_PRODUCTS_DIR)/aplicacion_de_comida_ios.app/aplicacion_de_comida_ios";
			};
			name = Debug;
		};
		FBD0A45728A3182600719745 /* Release */ = {
			isa = XCBuildConfiguration;
			buildSettings = {
				ALWAYS_EMBED_SWIFT_STANDARD_LIBRARIES = YES;
				BUNDLE_LOADER = "$(TEST_HOST)";
				CODE_SIGN_STYLE = Automatic;
				CURRENT_PROJECT_VERSION = 1;
				GENERATE_INFOPLIST_FILE = YES;
				IPHONEOS_DEPLOYMENT_TARGET = 15.2;
				MARKETING_VERSION = 1.0;
				PRODUCT_BUNDLE_IDENTIFIER = "com.example.aplicacion-de-comida-iosTests";
				PRODUCT_NAME = "$(TARGET_NAME)";
				SWIFT_EMIT_LOC_STRINGS = NO;
				SWIFT_VERSION = 5.0;
				TARGETED_DEVICE_FAMILY = "1,2";
				TEST_HOST = "$(BUILT_PRODUCTS_DIR)/aplicacion_de_comida_ios.app/aplicacion_de_comida_ios";
			};
			name = Release;
		};
		FBD0A45928A3182600719745 /* Debug */ = {
			isa = XCBuildConfiguration;
			buildSettings = {
				ALWAYS_EMBED_SWIFT_STANDARD_LIBRARIES = YES;
				CODE_SIGN_STYLE = Automatic;
				CURRENT_PROJECT_VERSION = 1;
				GENERATE_INFOPLIST_FILE = YES;
				MARKETING_VERSION = 1.0;
				PRODUCT_BUNDLE_IDENTIFIER = "com.example.aplicacion-de-comida-iosUITests";
				PRODUCT_NAME = "$(TARGET_NAME)";
				SWIFT_EMIT_LOC_STRINGS = NO;
				SWIFT_VERSION = 5.0;
				TARGETED_DEVICE_FAMILY = "1,2";
				TEST_TARGET_NAME = aplicacion_de_comida_ios;
			};
			name = Debug;
		};
		FBD0A45A28A3182600719745 /* Release */ = {
			isa = XCBuildConfiguration;
			buildSettings = {
				ALWAYS_EMBED_SWIFT_STANDARD_LIBRARIES = YES;
				CODE_SIGN_STYLE = Automatic;
				CURRENT_PROJECT_VERSION = 1;
				GENERATE_INFOPLIST_FILE = YES;
				MARKETING_VERSION = 1.0;
				PRODUCT_BUNDLE_IDENTIFIER = "com.example.aplicacion-de-comida-iosUITests";
				PRODUCT_NAME = "$(TARGET_NAME)";
				SWIFT_EMIT_LOC_STRINGS = NO;
				SWIFT_VERSION = 5.0;
				TARGETED_DEVICE_FAMILY = "1,2";
				TEST_TARGET_NAME = aplicacion_de_comida_ios;
			};
			name = Release;
		};
/* End XCBuildConfiguration section */

/* Begin XCConfigurationList section */
		FBD0A42428A3181F00719745 /* Build configuration list for PBXProject "aplicacion_de_comida_ios" */ = {
			isa = XCConfigurationList;
			buildConfigurations = (
				FBD0A45028A3182600719745 /* Debug */,
				FBD0A45128A3182600719745 /* Release */,
			);
			defaultConfigurationIsVisible = 0;
			defaultConfigurationName = Release;
		};
		FBD0A45228A3182600719745 /* Build configuration list for PBXNativeTarget "aplicacion_de_comida_ios" */ = {
			isa = XCConfigurationList;
			buildConfigurations = (
				FBD0A45328A3182600719745 /* Debug */,
				FBD0A45428A3182600719745 /* Release */,
			);
			defaultConfigurationIsVisible = 0;
			defaultConfigurationName = Release;
		};
		FBD0A45528A3182600719745 /* Build configuration list for PBXNativeTarget "aplicacion_de_comida_iosTests" */ = {
			isa = XCConfigurationList;
			buildConfigurations = (
				FBD0A45628A3182600719745 /* Debug */,
				FBD0A45728A3182600719745 /* Release */,
			);
			defaultConfigurationIsVisible = 0;
			defaultConfigurationName = Release;
		};
		FBD0A45828A3182600719745 /* Build configuration list for PBXNativeTarget "aplicacion_de_comida_iosUITests" */ = {
			isa = XCConfigurationList;
			buildConfigurations = (
				FBD0A45928A3182600719745 /* Debug */,
				FBD0A45A28A3182600719745 /* Release */,
			);
			defaultConfigurationIsVisible = 0;
			defaultConfigurationName = Release;
		};
/* End XCConfigurationList section */

/* Begin XCVersionGroup section */
		FBD0A43728A3182500719745 /* aplicacion_de_comida_ios.xcdatamodeld */ = {
			isa = XCVersionGroup;
			children = (
				FBD0A43828A3182500719745 /* aplicacion_de_comida_ios.xcdatamodel */,
			);
			currentVersion = FBD0A43828A3182500719745 /* aplicacion_de_comida_ios.xcdatamodel */;
			path = aplicacion_de_comida_ios.xcdatamodeld;
			sourceTree = "<group>";
			versionGroupType = wrapper.xcdatamodel;
		};
/* End XCVersionGroup section */
	};
	rootObject = FBD0A42128A3181F00719745 /* Project object */;
}
